
Microsoft Visual Studio Solution File, Format Version 12.00
# Visual Studio Version 16
VisualStudioVersion = 16.0.30011.22
MinimumVisualStudioVersion = 10.0.40219.1
Project("{FAE04EC0-301F-11D3-BF4B-00C04F79EFBC}") = "parcial", "parcial\parcial.csproj", "{A13A4B86-81DB-4589-9771-6EFEC97115B0}"
EndProject
Global
	GlobalSection(SolutionConfigurationPlatforms) = preSolution
		Debug|Any CPU = Debug|Any CPU
		Release|Any CPU = Release|Any CPU
	EndGlobalSection
	GlobalSection(ProjectConfigurationPlatforms) = postSolution
		{A13A4B86-81DB-4589-9771-6EFEC97115B0}.Debug|Any CPU.ActiveCfg = Debug|Any CPU
		{A13A4B86-81DB-4589-9771-6EFEC97115B0}.Debug|Any CPU.Build.0 = Debug|Any CPU
		{A13A4B86-81DB-4589-9771-6EFEC97115B0}.Release|Any CPU.ActiveCfg = Release|Any CPU
		{A13A4B86-81DB-4589-9771-6EFEC97115B0}.Release|Any CPU.Build.0 = Release|Any CPU
	EndGlobalSection
	GlobalSection(SolutionProperties) = preSolution
		HideSolutionNode = FALSE
	EndGlobalSection
	GlobalSection(ExtensibilityGlobals) = postSolution
		SolutionGuid = {83F072BE-0644-4684-8566-31EC10C9F406}
	EndGlobalSection
EndGlobal
